[[package]]
name = "certifi"
version = "2021.10.8"
description = "Python package for providing Mozilla's CA Bundle."
category = "main"
optional = false
python-versions = "*"

[[package]]
name = "charset-normalizer"
version = "2.0.10"
description = "The Real First Universal Charset Detector. Open, modern and actively maintained alternative to Chardet."
category = "main"
optional = false
python-versions = ">=3.5.0"

[package.extras]
unicode_backport = ["unicodedata2"]

[[package]]
name = "idna"
version = "3.3"
description = "Internationalized Domain Names in Applications (IDNA)"
category = "main"
optional = false
python-versions = ">=3.5"

[[package]]
name = "praw"
version = "7.5.0"
description = "PRAW, an acronym for `Python Reddit API Wrapper`, is a python package that allows for simple access to reddit's API."
category = "main"
optional = false
python-versions = "~=3.6"

[package.dependencies]
prawcore = ">=2.1,<3"
update-checker = ">=0.18"
websocket-client = ">=0.54.0"

[package.extras]
ci = ["coveralls"]
dev = ["packaging", "pre-commit", "sphinx", "sphinx-rtd-theme", "betamax (>=0.8,<0.9)", "betamax-matchers (>=0.3.0,<0.5)", "pytest (>=2.7.3)"]
lint = ["pre-commit", "sphinx", "sphinx-rtd-theme"]
readthedocs = ["sphinx", "sphinx-rtd-theme"]
test = ["betamax (>=0.8,<0.9)", "betamax-matchers (>=0.3.0,<0.5)", "pytest (>=2.7.3)"]

[[package]]
name = "prawcore"
version = "2.3.0"
description = "Low-level communication layer for PRAW 4+."
category = "main"
optional = false
python-versions = "~=3.6"

[package.dependencies]
requests = ">=2.6.0,<3.0"

[package.extras]
ci = ["coveralls"]
dev = ["black", "flake8", "pre-commit", "pydocstyle", "flynt", "betamax (>=0.8,<0.9)", "betamax-matchers (>=0.4.0,<0.5)", "betamax-serializers (>=0.2.0,<0.3)", "mock (>=0.8)", "pytest", "testfixtures (>4.13.2,<7)"]
lint = ["black", "flake8", "pre-commit", "pydocstyle", "flynt"]
test = ["betamax (>=0.8,<0.9)", "betamax-matchers (>=0.4.0,<0.5)", "betamax-serializers (>=0.2.0,<0.3)", "mock (>=0.8)", "pytest", "testfixtures (>4.13.2,<7)"]

[[package]]
name = "python-http-client"
version = "3.3.5"
description = "HTTP REST client, simplified for Python"
category = "main"
optional = false
python-versions = ">=2.7, !=3.0.*, !=3.1.*, !=3.2.*, !=3.3.*"

[[package]]
name = "requests"
version = "2.27.1"
description = "Python HTTP for Humans."
category = "main"
optional = false
python-versions = ">=2.7, !=3.0.*, !=3.1.*, !=3.2.*, !=3.3.*, !=3.4.*, !=3.5.*"

[package.dependencies]
certifi = ">=2017.4.17"
charset-normalizer = {version = ">=2.0.0,<2.1.0", markers = "python_version >= \"3\""}
idna = {version = ">=2.5,<4", markers = "python_version >= \"3\""}
urllib3 = ">=1.21.1,<1.27"

[package.extras]
socks = ["PySocks (>=1.5.6,!=1.5.7)", "win-inet-pton"]
use_chardet_on_py3 = ["chardet (>=3.0.2,<5)"]

[[package]]
name = "sendgrid"
version = "6.9.4"
description = "Twilio SendGrid library for Python"
category = "main"
optional = false
python-versions = ">=2.7, !=3.0.*, !=3.1.*, !=3.2.*, !=3.3.*, !=3.4.*"

[package.dependencies]
python-http-client = ">=3.2.1"
starkbank-ecdsa = ">=2.0.1"

[[package]]
name = "starkbank-ecdsa"
version = "2.0.3"
description = "A lightweight and fast pure python ECDSA library"
category = "main"
optional = false
python-versions = "*"

[[package]]
name = "update-checker"
version = "0.18.0"
description = "A python module that will check for package updates."
category = "main"
optional = false
python-versions = "*"

[package.dependencies]
requests = ">=2.3.0"

[package.extras]
dev = ["black", "flake8", "pytest (>=2.7.3)"]
lint = ["black", "flake8"]
test = ["pytest (>=2.7.3)"]

[[package]]
name = "urllib3"
version = "1.26.8"
description = "HTTP library with thread-safe connection pooling, file post, and more."
category = "main"
optional = false
python-versions = ">=2.7, !=3.0.*, !=3.1.*, !=3.2.*, !=3.3.*, !=3.4.*, <4"

[package.extras]
brotli = ["brotlipy (>=0.6.0)"]
secure = ["pyOpenSSL (>=0.14)", "cryptography (>=1.3.4)", "idna (>=2.0.0)", "certifi", "ipaddress"]
socks = ["PySocks (>=1.5.6,!=1.5.7,<2.0)"]

[[package]]
name = "websocket-client"
version = "1.2.3"
description = "WebSocket client for Python with low level API options"
category = "main"
optional = false
python-versions = ">=3.6"

[package.extras]
docs = ["Sphinx (>=3.4)", "sphinx-rtd-theme (>=0.5)"]
optional = ["python-socks", "wsaccel"]
test = ["websockets"]

[metadata]
lock-version = "1.1"
python-versions = "^3.9"
content-hash = "4ba058836f9f6566da7d4e2543b9528e678c9672ead5da878f6e2a731250f21c"

[metadata.files]
certifi = [
    {file = "certifi-2021.10.8-py2.py3-none-any.whl", hash = "sha256:d62a0163eb4c2344ac042ab2bdf75399a71a2d8c7d47eac2e2ee91b9d6339569"},
    {file = "certifi-2021.10.8.tar.gz", hash = "sha256:78884e7c1d4b00ce3cea67b44566851c4343c120abd683433ce934a68ea58872"},
]
charset-normalizer = [
    {file = "charset-normalizer-2.0.10.tar.gz", hash = "sha256:876d180e9d7432c5d1dfd4c5d26b72f099d503e8fcc0feb7532c9289be60fcbd"},
    {file = "charset_normalizer-2.0.10-py3-none-any.whl", hash = "sha256:cb957888737fc0bbcd78e3df769addb41fd1ff8cf950dc9e7ad7793f1bf44455"},
]
idna = [
    {file = "idna-3.3-py3-none-any.whl", hash = "sha256:84d9dd047ffa80596e0f246e2eab0b391788b0503584e8945f2368256d2735ff"},
    {file = "idna-3.3.tar.gz", hash = "sha256:9d643ff0a55b762d5cdb124b8eaa99c66322e2157b69160bc32796e824360e6d"},
]
praw = [
    {file = "praw-7.5.0-py3-none-any.whl", hash = "sha256:28f66a750ffb2aa5c46378942037dfbf9640bc02cd132d4da8a0e9b836581a8e"},
    {file = "praw-7.5.0.tar.gz", hash = "sha256:f91bfc827ddd0718a6ec24f16f5cad0ea9279de82144e1afcbe47694d1e70cdb"},
]
prawcore = [
    {file = "prawcore-2.3.0-py3-none-any.whl", hash = "sha256:48c17db447fa06a13ca3e722201f443031437708daa736c05a1df895fbcceff5"},
    {file = "prawcore-2.3.0.tar.gz", hash = "sha256:daf1ccd4b7a80dc4e6567d48336d782e94a9a6dad83770fc2edf76dc9a84f56d"},
]
python-http-client = [
    {file = "python_http_client-3.3.5-py3-none-any.whl", hash = "sha256:558ece0088af1c3430d55ea65e3f06a6a3d7cdd9e14bd905916081ce876c5aaf"},
    {file = "python_http_client-3.3.5.tar.gz", hash = "sha256:a41da9bd1d38c6a5fc673d1667501e9e691783f7caa14db70985da43c6d99fba"},
]
requests = [
    {file = "requests-2.27.1-py2.py3-none-any.whl", hash = "sha256:f22fa1e554c9ddfd16e6e41ac79759e17be9e492b3587efa038054674760e72d"},
    {file = "requests-2.27.1.tar.gz", hash = "sha256:68d7c56fd5a8999887728ef304a6d12edc7be74f1cfa47714fc8b414525c9a61"},
]
sendgrid = [
    {file = "sendgrid-6.9.4-py3-none-any.whl", hash = "sha256:f0faa12189e85962651ec1062f6a53e7b0272c452e721a8f4d6847cddad9cfa8"},
    {file = "sendgrid-6.9.4.tar.gz", hash = "sha256:40653ec7a1ca889398ed6aadba480ae6ab73b9f4329ad841ef4d2bd81848cf62"},
]
starkbank-ecdsa = [
    {file = "starkbank-ecdsa-2.0.3.tar.gz", hash = "sha256:73b62b1b3de54bbaa05dedb1a2d951c033432bb074de899e19d4a96a36b21df6"},
]
update-checker = [
    {file = "update_checker-0.18.0-py3-none-any.whl", hash = "sha256:cbba64760a36fe2640d80d85306e8fe82b6816659190993b7bdabadee4d4bbfd"},
    {file = "update_checker-0.18.0.tar.gz", hash = "sha256:6a2d45bb4ac585884a6b03f9eade9161cedd9e8111545141e9aa9058932acb13"},
]
urllib3 = [
    {file = "urllib3-1.26.8-py2.py3-none-any.whl", hash = "sha256:000ca7f471a233c2251c6c7023ee85305721bfdf18621ebff4fd17a8653427ed"},
    {file = "urllib3-1.26.8.tar.gz", hash = "sha256:0e7c33d9a63e7ddfcb86780aac87befc2fbddf46c58dbb487e0855f7ceec283c"},
]
websocket-client = [
    {file = "websocket-client-1.2.3.tar.gz", hash = "sha256:1315816c0acc508997eb3ae03b9d3ff619c9d12d544c9a9b553704b1cc4f6af5"},
    {file = "websocket_client-1.2.3-py3-none-any.whl", hash = "sha256:2eed4cc58e4d65613ed6114af2f380f7910ff416fc8c46947f6e76b6815f56c0"},
]
